
Microsoft Visual Studio Solution File, Format Version 12.00
# Visual Studio Version 17
VisualStudioVersion = 17.0.32014.148
MinimumVisualStudioVersion = 10.0.40219.1
Project("{9A19103F-16F7-4668-BE54-9A1E7A4F7556}") = "ElirEngine", "ElirEngine\ElirEngine.csproj", "{5D48F3E2-02CD-4C27-B231-5FCAF383C0DA}"
EndProject
Project("{FAE04EC0-301F-11D3-BF4B-00C04F79EFBC}") = "ElirEditor", "ElirEditor\ElirEditor.csproj", "{461F79B3-5F0D-4317-9AF8-985FE789F024}"
EndProject
Global
	GlobalSection(SolutionConfigurationPlatforms) = preSolution
		Debug|Any CPU = Debug|Any CPU
		Release|Any CPU = Release|Any CPU
	EndGlobalSection
	GlobalSection(ProjectConfigurationPlatforms) = postSolution
		{5D48F3E2-02CD-4C27-B231-5FCAF383C0DA}.Debug|Any CPU.ActiveCfg = Debug|Any CPU
		{5D48F3E2-02CD-4C27-B231-5FCAF383C0DA}.Debug|Any CPU.Build.0 = Debug|Any CPU
		{5D48F3E2-02CD-4C27-B231-5FCAF383C0DA}.Release|Any CPU.ActiveCfg = Release|Any CPU
		{5D48F3E2-02CD-4C27-B231-5FCAF383C0DA}.Release|Any CPU.Build.0 = Release|Any CPU
		{461F79B3-5F0D-4317-9AF8-985FE789F024}.Debug|Any CPU.ActiveCfg = Debug|Any CPU
		{461F79B3-5F0D-4317-9AF8-985FE789F024}.Debug|Any CPU.Build.0 = Debug|Any CPU
		{461F79B3-5F0D-4317-9AF8-985FE789F024}.Release|Any CPU.ActiveCfg = Release|Any CPU
		{461F79B3-5F0D-4317-9AF8-985FE789F024}.Release|Any CPU.Build.0 = Release|Any CPU
	EndGlobalSection
	GlobalSection(SolutionProperties) = preSolution
		HideSolutionNode = FALSE
	EndGlobalSection
	GlobalSection(ExtensibilityGlobals) = postSolution
		SolutionGuid = {E2213467-85BC-46C3-BB5F-5979C0822A13}
	EndGlobalSection
EndGlobal
